// !$*UTF8*$!
{
	archiveVersion = 1;
	classes = {
	};
	objectVersion = 42;
	objects = {

/* Begin PBXBuildFile section */
		8D01CCC80486CAD60068D4B7 /* dockExtension_Prefix.pch in Headers */ = {isa = PBXBuildFile; fileRef = 32BAE0B30371A71500C91783 /* dockExtension_Prefix.pch */; };
		8D01CCCA0486CAD60068D4B7 /* InfoPlist.strings in Resources */ = {isa = PBXBuildFile; fileRef = 089C167DFE841241C02AAC07 /* InfoPlist.strings */; };
		8D01CCCE0486CAD60068D4B7 /* Carbon.framework in Frameworks */ = {isa = PBXBuildFile; fileRef = 08EA7FFBFE8413EDC02AAC07 /* Carbon.framework */; };
		E936385906FCCD7500E354DB /* DEEventHandlers.c in Sources */ = {isa = PBXBuildFile; fileRef = E936385406FCCD7500E354DB /* DEEventHandlers.c */; };
		E936385A06FCCD7500E354DB /* DEEventHandlers.h in Headers */ = {isa = PBXBuildFile; fileRef = E936385506FCCD7500E354DB /* DEEventHandlers.h */; };
		E936385C06FCCD7500E354DB /* main.c in Sources */ = {isa = PBXBuildFile; fileRef = E936385706FCCD7500E354DB /* main.c */; };
		E936385D06FCCD7500E354DB /* main.h in Headers */ = {isa = PBXBuildFile; fileRef = E936385806FCCD7500E354DB /* main.h */; };
		E936393206FCD19000E354DB /* CGSPrivate.h in Headers */ = {isa = PBXBuildFile; fileRef = E936393106FCD18800E354DB /* CGSPrivate.h */; };
		E97C3ACB074DDB090025CD57 /* COPYING.rtf in Resources */ = {isa = PBXBuildFile; fileRef = E97C3AC9074DDB090025CD57 /* COPYING.rtf */; };
		EA6CB6E50924D278004AC51D /* libdecomm.a in Frameworks */ = {isa = PBXBuildFile; fileRef = EA6CB5D00924CF38004AC51D /* libdecomm.a */; };
/* End PBXBuildFile section */

/* Begin PBXBuildStyle section */
		4F9091AC011F3BD104CA0E50 /* Development */ = {
			isa = PBXBuildStyle;
			buildSettings = {
				COPY_PHASE_STRIP = NO;
				DEBUGGING_SYMBOLS = YES;
				GCC_DYNAMIC_NO_PIC = NO;
				GCC_ENABLE_FIX_AND_CONTINUE = YES;
				GCC_GENERATE_DEBUGGING_SYMBOLS = YES;
				GCC_OPTIMIZATION_LEVEL = 0;
				OPTIMIZATION_CFLAGS = "-O0";
				ZERO_LINK = YES;
			};
			name = Development;
		};
		4F9091AD011F3BD104CA0E50 /* Deployment */ = {
			isa = PBXBuildStyle;
			buildSettings = {
				COPY_PHASE_STRIP = YES;
				GCC_ENABLE_FIX_AND_CONTINUE = NO;
				ZERO_LINK = NO;
			};
			name = Deployment;
		};
/* End PBXBuildStyle section */

/* Begin PBXContainerItemProxy section */
		EA6CB5CF0924CF38004AC51D /* PBXContainerItemProxy */ = {
			isa = PBXContainerItemProxy;
			containerPortal = EA6CB5CB0924CF38004AC51D /* decomm.xcodeproj */;
			proxyType = 2;
			remoteGlobalIDString = E958EEDB06FDA03E001DCB1E;
			remoteInfo = decomm;
		};
		EAB7BC080924DA950067CDFD /* PBXContainerItemProxy */ = {
			isa = PBXContainerItemProxy;
			containerPortal = EA6CB5CB0924CF38004AC51D /* decomm.xcodeproj */;
			proxyType = 1;
			remoteGlobalIDString = E958EEDA06FDA03E001DCB1E;
			remoteInfo = decomm;
		};
/* End PBXContainerItemProxy section */

/* Begin PBXFileReference section */
		089C167EFE841241C02AAC07 /* English */ = {isa = PBXFileReference; fileEncoding = 10; lastKnownFileType = text.plist.strings; name = English; path = English.lproj/InfoPlist.strings; sourceTree = "<group>"; };
		08EA7FFBFE8413EDC02AAC07 /* Carbon.framework */ = {isa = PBXFileReference; lastKnownFileType = wrapper.framework; name = Carbon.framework; path = /System/Library/Frameworks/Carbon.framework; sourceTree = "<absolute>"; };
		32BAE0B30371A71500C91783 /* dockExtension_Prefix.pch */ = {isa = PBXFileReference; fileEncoding = 4; lastKnownFileType = sourcecode.c.h; path = dockExtension_Prefix.pch; sourceTree = "<group>"; };
		8D01CCD10486CAD60068D4B7 /* Info.plist */ = {isa = PBXFileReference; fileEncoding = 4; lastKnownFileType = text.plist; path = Info.plist; sourceTree = "<group>"; };
		8D01CCD20486CAD60068D4B7 /* dockExtension.bundle */ = {isa = PBXFileReference; explicitFileType = wrapper.cfbundle; includeInIndex = 0; path = dockExtension.bundle; sourceTree = BUILT_PRODUCTS_DIR; };
		E936385406FCCD7500E354DB /* DEEventHandlers.c */ = {isa = PBXFileReference; fileEncoding = 30; lastKnownFileType = sourcecode.c.c; name = DEEventHandlers.c; path = src/DEEventHandlers.c; sourceTree = "<group>"; };
		E936385506FCCD7500E354DB /* DEEventHandlers.h */ = {isa = PBXFileReference; fileEncoding = 30; lastKnownFileType = sourcecode.c.h; name = DEEventHandlers.h; path = src/DEEventHandlers.h; sourceTree = "<group>"; };
		E936385706FCCD7500E354DB /* main.c */ = {isa = PBXFileReference; fileEncoding = 30; lastKnownFileType = sourcecode.c.c; name = main.c; path = src/main.c; sourceTree = "<group>"; };
		E936385806FCCD7500E354DB /* main.h */ = {isa = PBXFileReference; fileEncoding = 30; lastKnownFileType = sourcecode.c.h; name = main.h; path = src/main.h; sourceTree = "<group>"; };
		E936393106FCD18800E354DB /* CGSPrivate.h */ = {isa = PBXFileReference; fileEncoding = 30; lastKnownFileType = sourcecode.c.h; name = CGSPrivate.h; path = ../../shared/CGS/CGSPrivate.h; sourceTree = SOURCE_ROOT; };
		E97C3ACA074DDB090025CD57 /* English */ = {isa = PBXFileReference; lastKnownFileType = text.rtf; name = English; path = English.lproj/COPYING.rtf; sourceTree = "<group>"; };
		EA6CB5CB0924CF38004AC51D /* decomm.xcodeproj */ = {isa = PBXFileReference; lastKnownFileType = "wrapper.pb-project"; name = decomm.xcodeproj; path = ../decomm/decomm.xcodeproj; sourceTree = SOURCE_ROOT; };
/* End PBXFileReference section */

/* Begin PBXFrameworksBuildPhase section */
		8D01CCCD0486CAD60068D4B7 /* Frameworks */ = {
			isa = PBXFrameworksBuildPhase;
			buildActionMask = 2147483647;
			files = (
				EA6CB6E50924D278004AC51D /* libdecomm.a in Frameworks */,
				8D01CCCE0486CAD60068D4B7 /* Carbon.framework in Frameworks */,
			);
			runOnlyForDeploymentPostprocessing = 0;
		};
/* End PBXFrameworksBuildPhase section */

/* Begin PBXGroup section */
		089C166AFE841209C02AAC07 /* dockExtension */ = {
			isa = PBXGroup;
			children = (
				EA6CB5CB0924CF38004AC51D /* decomm.xcodeproj */,
				E936392F06FCD15F00E354DB /* Shared Includes */,
				08FB77ADFE841716C02AAC07 /* Source */,
				089C167CFE841241C02AAC07 /* Resources */,
				089C1671FE841209C02AAC07 /* External Frameworks and Libraries */,
				19C28FB4FE9D528D11CA2CBB /* Products */,
			);
			name = dockExtension;
			sourceTree = "<group>";
		};
		089C1671FE841209C02AAC07 /* External Frameworks and Libraries */ = {
			isa = PBXGroup;
			children = (
				08EA7FFBFE8413EDC02AAC07 /* Carbon.framework */,
			);
			name = "External Frameworks and Libraries";
			sourceTree = "<group>";
		};
		089C167CFE841241C02AAC07 /* Resources */ = {
			isa = PBXGroup;
			children = (
				E97C3AC9074DDB090025CD57 /* COPYING.rtf */,
				8D01CCD10486CAD60068D4B7 /* Info.plist */,
				089C167DFE841241C02AAC07 /* InfoPlist.strings */,
			);
			name = Resources;
			sourceTree = "<group>";
		};
		08FB77ADFE841716C02AAC07 /* Source */ = {
			isa = PBXGroup;
			children = (
				E936385406FCCD7500E354DB /* DEEventHandlers.c */,
				E936385506FCCD7500E354DB /* DEEventHandlers.h */,
				E936385706FCCD7500E354DB /* main.c */,
				E936385806FCCD7500E354DB /* main.h */,
				32BAE0B30371A71500C91783 /* dockExtension_Prefix.pch */,
			);
			name = Source;
			sourceTree = "<group>";
		};
		19C28FB4FE9D528D11CA2CBB /* Products */ = {
			isa = PBXGroup;
			children = (
				8D01CCD20486CAD60068D4B7 /* dockExtension.bundle */,
			);
			name = Products;
			sourceTree = "<group>";
		};
		E936392F06FCD15F00E354DB /* Shared Includes */ = {
			isa = PBXGroup;
			children = (
				E936393006FCD16E00E354DB /* CGS */,
			);
			name = "Shared Includes";
			sourceTree = "<group>";
		};
		E936393006FCD16E00E354DB /* CGS */ = {
			isa = PBXGroup;
			children = (
				E936393106FCD18800E354DB /* CGSPrivate.h */,
			);
			name = CGS;
			sourceTree = "<group>";
		};
		EA6CB5CC0924CF38004AC51D /* Products */ = {
			isa = PBXGroup;
			children = (
				EA6CB5D00924CF38004AC51D /* libdecomm.a */,
			);
			name = Products;
			sourceTree = "<group>";
		};
/* End PBXGroup section */

/* Begin PBXHeadersBuildPhase section */
		8D01CCC70486CAD60068D4B7 /* Headers */ = {
			isa = PBXHeadersBuildPhase;
			buildActionMask = 2147483647;
			files = (
				E936393206FCD19000E354DB /* CGSPrivate.h in Headers */,
				8D01CCC80486CAD60068D4B7 /* dockExtension_Prefix.pch in Headers */,
				E936385A06FCCD7500E354DB /* DEEventHandlers.h in Headers */,
				E936385D06FCCD7500E354DB /* main.h in Headers */,
			);
			runOnlyForDeploymentPostprocessing = 0;
		};
/* End PBXHeadersBuildPhase section */

/* Begin PBXNativeTarget section */
		8D01CCC60486CAD60068D4B7 /* dockExtension */ = {
			isa = PBXNativeTarget;
			buildConfigurationList = EAF8CB4609077543003D54B1 /* Build configuration list for PBXNativeTarget "dockExtension" */;
			buildPhases = (
				8D01CCC70486CAD60068D4B7 /* Headers */,
				8D01CCC90486CAD60068D4B7 /* Resources */,
				8D01CCCB0486CAD60068D4B7 /* Sources */,
				8D01CCCD0486CAD60068D4B7 /* Frameworks */,
			);
			buildRules = (
			);
			buildSettings = {
				FRAMEWORK_SEARCH_PATHS = ../decomm/build;
				GCC_ENABLE_TRIGRAPHS = NO;
				GCC_GENERATE_DEBUGGING_SYMBOLS = NO;
				GCC_PRECOMPILE_PREFIX_HEADER = YES;
				GCC_PREFIX_HEADER = dockExtension_Prefix.pch;
				GCC_WARN_ABOUT_MISSING_PROTOTYPES = NO;
				GCC_WARN_FOUR_CHARACTER_CONSTANTS = NO;
				GCC_WARN_UNKNOWN_PRAGMAS = NO;
				HEADER_SEARCH_PATHS = ../decomm/includes;
				INFOPLIST_FILE = Info.plist;
				INSTALL_PATH = "$(HOME)/Library/Bundles";
				LIBRARY_SEARCH_PATHS = ../decomm/build;
				LIBRARY_STYLE = BUNDLE;
				OTHER_CFLAGS = "";
				OTHER_LDFLAGS = "";
				OTHER_REZFLAGS = "";
				PRODUCT_NAME = dockExtension;
				SECTORDER_FLAGS = "";
				WARNING_CFLAGS = (
					"-Wmost",
					"-Wno-four-char-constants",
					"-Wno-unknown-pragmas",
				);
				WRAPPER_EXTENSION = bundle;
			};
			dependencies = (
				EAB7BC090924DA950067CDFD /* PBXTargetDependency */,
			);
			name = dockExtension;
			productInstallPath = "$(HOME)/Library/Bundles";
			productName = dockExtension;
			productReference = 8D01CCD20486CAD60068D4B7 /* dockExtension.bundle */;
			productType = "com.apple.product-type.bundle";
		};
/* End PBXNativeTarget section */

/* Begin PBXProject section */
		089C1669FE841209C02AAC07 /* Project object */ = {
			isa = PBXProject;
			buildConfigurationList = EAF8CB4A09077543003D54B1 /* Build configuration list for PBXProject "dockExtension" */;
			buildSettings = {
			};
			buildStyles = (
				4F9091AC011F3BD104CA0E50 /* Development */,
				4F9091AD011F3BD104CA0E50 /* Deployment */,
			);
			hasScannedForEncodings = 1;
			mainGroup = 089C166AFE841209C02AAC07 /* dockExtension */;
			projectDirPath = "";
			projectReferences = (
				{
					ProductGroup = EA6CB5CC0924CF38004AC51D /* Products */;
					ProjectRef = EA6CB5CB0924CF38004AC51D /* decomm.xcodeproj */;
				},
			);
			targets = (
				8D01CCC60486CAD60068D4B7 /* dockExtension */,
			);
		};
/* End PBXProject section */

/* Begin PBXReferenceProxy section */
		EA6CB5D00924CF38004AC51D /* libdecomm.a */ = {
			isa = PBXReferenceProxy;
			fileType = archive.ar;
			path = libdecomm.a;
			remoteRef = EA6CB5CF0924CF38004AC51D /* PBXContainerItemProxy */;
			sourceTree = BUILT_PRODUCTS_DIR;
		};
/* End PBXReferenceProxy section */

/* Begin PBXResourcesBuildPhase section */
		8D01CCC90486CAD60068D4B7 /* Resources */ = {
			isa = PBXResourcesBuildPhase;
			buildActionMask = 2147483647;
			files = (
				8D01CCCA0486CAD60068D4B7 /* InfoPlist.strings in Resources */,
				E97C3ACB074DDB090025CD57 /* COPYING.rtf in Resources */,
			);
			runOnlyForDeploymentPostprocessing = 0;
		};
/* End PBXResourcesBuildPhase section */

/* Begin PBXSourcesBuildPhase section */
		8D01CCCB0486CAD60068D4B7 /* Sources */ = {
			isa = PBXSourcesBuildPhase;
			buildActionMask = 2147483647;
			files = (
				E936385906FCCD7500E354DB /* DEEventHandlers.c in Sources */,
				E936385C06FCCD7500E354DB /* main.c in Sources */,
			);
			runOnlyForDeploymentPostprocessing = 0;
		};
/* End PBXSourcesBuildPhase section */

/* Begin PBXTargetDependency section */
		EAB7BC090924DA950067CDFD /* PBXTargetDependency */ = {
			isa = PBXTargetDependency;
			name = decomm;
			targetProxy = EAB7BC080924DA950067CDFD /* PBXContainerItemProxy */;
		};
/* End PBXTargetDependency section */

/* Begin PBXVariantGroup section */
		089C167DFE841241C02AAC07 /* InfoPlist.strings */ = {
			isa = PBXVariantGroup;
			children = (
				089C167EFE841241C02AAC07 /* English */,
			);
			name = InfoPlist.strings;
			sourceTree = "<group>";
		};
		E97C3AC9074DDB090025CD57 /* COPYING.rtf */ = {
			isa = PBXVariantGroup;
			children = (
				E97C3ACA074DDB090025CD57 /* English */,
			);
			name = COPYING.rtf;
			sourceTree = "<group>";
		};
/* End PBXVariantGroup section */

/* Begin XCBuildConfiguration section */
		EAB7BC960924DC3F0067CDFD /* Deployment Private Framework */ = {
			isa = XCBuildConfiguration;
			buildSettings = {
				COPY_PHASE_STRIP = YES;
				FRAMEWORK_SEARCH_PATHS = "";
				GCC_ENABLE_FIX_AND_CONTINUE = NO;
				GCC_ENABLE_TRIGRAPHS = NO;
				GCC_GENERATE_DEBUGGING_SYMBOLS = NO;
				GCC_PRECOMPILE_PREFIX_HEADER = YES;
				GCC_PREFIX_HEADER = dockExtension_Prefix.pch;
				GCC_WARN_ABOUT_MISSING_PROTOTYPES = NO;
				GCC_WARN_FOUR_CHARACTER_CONSTANTS = NO;
				GCC_WARN_UNKNOWN_PRAGMAS = NO;
				HEADER_SEARCH_PATHS = ../decomm/includes;
				INFOPLIST_FILE = Info.plist;
				INSTALL_PATH = "$(HOME)/Library/Bundles";
				LIBRARY_SEARCH_PATHS = "";
				LIBRARY_STYLE = BUNDLE;
				OTHER_CFLAGS = "";
				OTHER_LDFLAGS = "";
				OTHER_REZFLAGS = "";
				PRODUCT_NAME = dockExtension;
				SECTORDER_FLAGS = "";
				WARNING_CFLAGS = (
					"-Wmost",
					"-Wno-four-char-constants",
					"-Wno-unknown-pragmas",
				);
				WRAPPER_EXTENSION = bundle;
				ZERO_LINK = NO;
			};
			name = "Deployment Private Framework";
		};
		EAB7BC970924DC3F0067CDFD /* Deployment Private Framework */ = {
			isa = XCBuildConfiguration;
			buildSettings = {
				MACOSX_DEPLOYMENT_TARGET = 10.4;
				SDKROOT = /Developer/SDKs/MacOSX10.4u.sdk;
			};
			name = "Deployment Private Framework";
		};
		EAF8CB4709077543003D54B1 /* Development */ = {
			isa = XCBuildConfiguration;
			buildSettings = {
				COPY_PHASE_STRIP = NO;
				DEBUGGING_SYMBOLS = YES;
				FRAMEWORK_SEARCH_PATHS = "";
				GCC_DYNAMIC_NO_PIC = NO;
				GCC_ENABLE_FIX_AND_CONTINUE = YES;
				GCC_ENABLE_TRIGRAPHS = NO;
				GCC_GENERATE_DEBUGGING_SYMBOLS = YES;
				GCC_OPTIMIZATION_LEVEL = 0;
				GCC_PRECOMPILE_PREFIX_HEADER = YES;
				GCC_PREFIX_HEADER = dockExtension_Prefix.pch;
				GCC_WARN_ABOUT_MISSING_PROTOTYPES = NO;
				GCC_WARN_FOUR_CHARACTER_CONSTANTS = NO;
				GCC_WARN_UNKNOWN_PRAGMAS = NO;
				HEADER_SEARCH_PATHS = ../decomm/includes;
				INFOPLIST_FILE = Info.plist;
				INSTALL_PATH = "$(HOME)/Library/Bundles";
				LIBRARY_SEARCH_PATHS = "";
				LIBRARY_STYLE = BUNDLE;
				OPTIMIZATION_CFLAGS = "-O0";
				OTHER_CFLAGS = "";
				OTHER_LDFLAGS = "";
				OTHER_REZFLAGS = "";
				PRODUCT_NAME = dockExtension;
				SECTORDER_FLAGS = "";
				WARNING_CFLAGS = (
					"-Wmost",
					"-Wno-four-char-constants",
					"-Wno-unknown-pragmas",
				);
				WRAPPER_EXTENSION = bundle;
				ZERO_LINK = YES;
			};
			name = Development;
		};
		EAF8CB4809077543003D54B1 /* Deployment */ = {
			isa = XCBuildConfiguration;
			buildSettings = {
				COPY_PHASE_STRIP = YES;
				FRAMEWORK_SEARCH_PATHS = "";
				GCC_ENABLE_FIX_AND_CONTINUE = NO;
				GCC_ENABLE_TRIGRAPHS = NO;
				GCC_GENERATE_DEBUGGING_SYMBOLS = NO;
				GCC_PRECOMPILE_PREFIX_HEADER = YES;
				GCC_PREFIX_HEADER = dockExtension_Prefix.pch;
				GCC_WARN_ABOUT_MISSING_PROTOTYPES = NO;
				GCC_WARN_FOUR_CHARACTER_CONSTANTS = NO;
				GCC_WARN_UNKNOWN_PRAGMAS = NO;
				HEADER_SEARCH_PATHS = ../decomm/includes;
				INFOPLIST_FILE = Info.plist;
				INSTALL_PATH = "$(HOME)/Library/Bundles";
				LIBRARY_SEARCH_PATHS = "";
				LIBRARY_STYLE = BUNDLE;
				OTHER_CFLAGS = "";
				OTHER_LDFLAGS = "";
				OTHER_REZFLAGS = "";
				PRODUCT_NAME = dockExtension;
				SECTORDER_FLAGS = "";
				WARNING_CFLAGS = (
					"-Wmost",
					"-Wno-four-char-constants",
					"-Wno-unknown-pragmas",
				);
				WRAPPER_EXTENSION = bundle;
				ZERO_LINK = NO;
			};
			name = Deployment;
		};
		EAF8CB4909077543003D54B1 /* Default */ = {
			isa = XCBuildConfiguration;
			buildSettings = {
				FRAMEWORK_SEARCH_PATHS = "";
				GCC_ENABLE_TRIGRAPHS = NO;
				GCC_GENERATE_DEBUGGING_SYMBOLS = NO;
				GCC_PRECOMPILE_PREFIX_HEADER = YES;
				GCC_PREFIX_HEADER = dockExtension_Prefix.pch;
				GCC_WARN_ABOUT_MISSING_PROTOTYPES = NO;
				GCC_WARN_FOUR_CHARACTER_CONSTANTS = NO;
				GCC_WARN_UNKNOWN_PRAGMAS = NO;
				HEADER_SEARCH_PATHS = ../decomm/includes;
				INFOPLIST_FILE = Info.plist;
				INSTALL_PATH = "$(HOME)/Library/Bundles";
				LIBRARY_SEARCH_PATHS = "";
				LIBRARY_STYLE = BUNDLE;
				OTHER_CFLAGS = "";
				OTHER_LDFLAGS = "";
				OTHER_REZFLAGS = "";
				PRODUCT_NAME = dockExtension;
				SECTORDER_FLAGS = "";
				WARNING_CFLAGS = (
					"-Wmost",
					"-Wno-four-char-constants",
					"-Wno-unknown-pragmas",
				);
				WRAPPER_EXTENSION = bundle;
			};
			name = Default;
		};
		EAF8CB4B09077543003D54B1 /* Development */ = {
			isa = XCBuildConfiguration;
			buildSettings = {
				MACOSX_DEPLOYMENT_TARGET = 10.4;
				SDKROOT = /Developer/SDKs/MacOSX10.4u.sdk;
			};
			name = Development;
		};
		EAF8CB4C09077543003D54B1 /* Deployment */ = {
			isa = XCBuildConfiguration;
			buildSettings = {
				MACOSX_DEPLOYMENT_TARGET = 10.4;
				SDKROOT = /Developer/SDKs/MacOSX10.4u.sdk;
			};
			name = Deployment;
		};
		EAF8CB4D09077543003D54B1 /* Default */ = {
			isa = XCBuildConfiguration;
			buildSettings = {
				MACOSX_DEPLOYMENT_TARGET = 10.4;
				SDKROOT = /Developer/SDKs/MacOSX10.4u.sdk;
			};
			name = Default;
		};
/* End XCBuildConfiguration section */

/* Begin XCConfigurationList section */
		EAF8CB4609077543003D54B1 /* Build configuration list for PBXNativeTarget "dockExtension" */ = {
			isa = XCConfigurationList;
			buildConfigurations = (
				EAF8CB4709077543003D54B1 /* Development */,
				EAF8CB4809077543003D54B1 /* Deployment */,
				EAB7BC960924DC3F0067CDFD /* Deployment Private Framework */,
				EAF8CB4909077543003D54B1 /* Default */,
			);
			defaultConfigurationIsVisible = 0;
			defaultConfigurationName = Default;
		};
		EAF8CB4A09077543003D54B1 /* Build configuration list for PBXProject "dockExtension" */ = {
			isa = XCConfigurationList;
			buildConfigurations = (
				EAF8CB4B09077543003D54B1 /* Development */,
				EAF8CB4C09077543003D54B1 /* Deployment */,
				EAB7BC970924DC3F0067CDFD /* Deployment Private Framework */,
				EAF8CB4D09077543003D54B1 /* Default */,
			);
			defaultConfigurationIsVisible = 0;
			defaultConfigurationName = Default;
		};
/* End XCConfigurationList section */
	};
	rootObject = 089C1669FE841209C02AAC07 /* Project object */;
}
