// !$*UTF8*$!
{
	archiveVersion = 1;
	classes = {
	};
	objectVersion = 42;
	objects = {

/* Begin PBXBuildFile section */
		E9124F41073187DA00BD28CD /* DECVersion.h in Headers */ = {isa = PBXBuildFile; fileRef = E9124F40073187DA00BD28CD /* DECVersion.h */; settings = {ATTRIBUTES = (Public, ); }; };
		E9124F440731885E00BD28CD /* DECVersion.c in Sources */ = {isa = PBXBuildFile; fileRef = E9124F430731885E00BD28CD /* DECVersion.c */; };
		E958EEDD06FDA066001DCB1E /* DECEvent.c in Sources */ = {isa = PBXBuildFile; fileRef = E93637F806FCCCA300E354DB /* DECEvent.c */; };
		E958EEDE06FDA066001DCB1E /* DECEventAlpha.c in Sources */ = {isa = PBXBuildFile; fileRef = E93637FA06FCCCA300E354DB /* DECEventAlpha.c */; };
		E958EEDF06FDA066001DCB1E /* DECEventDesktop.c in Sources */ = {isa = PBXBuildFile; fileRef = E93637FC06FCCCA300E354DB /* DECEventDesktop.c */; };
		E958EEE006FDA066001DCB1E /* DECEventInfo.c in Sources */ = {isa = PBXBuildFile; fileRef = E93637FE06FCCCA300E354DB /* DECEventInfo.c */; };
		E958EEE106FDA066001DCB1E /* DECEventLevel.c in Sources */ = {isa = PBXBuildFile; fileRef = E936380006FCCCA300E354DB /* DECEventLevel.c */; };
		E958EEE206FDA066001DCB1E /* DECEventOrder.c in Sources */ = {isa = PBXBuildFile; fileRef = E936380206FCCCA300E354DB /* DECEventOrder.c */; };
		E958EEE306FDA066001DCB1E /* DECEventProperty.c in Sources */ = {isa = PBXBuildFile; fileRef = E936380406FCCCA300E354DB /* DECEventProperty.c */; };
		E958EEE406FDA066001DCB1E /* DECEventTags.c in Sources */ = {isa = PBXBuildFile; fileRef = E936380606FCCCA300E354DB /* DECEventTags.c */; };
		E958EEE506FDA066001DCB1E /* DECInjector.c in Sources */ = {isa = PBXBuildFile; fileRef = E936380806FCCCA300E354DB /* DECInjector.c */; };
		E958EEE606FDA066001DCB1E /* mach_inject.c in Sources */ = {isa = PBXBuildFile; fileRef = E936380B06FCCCA300E354DB /* mach_inject.c */; };
		E958EF9C06FDA1C7001DCB1E /* Carbon.framework in Frameworks */ = {isa = PBXBuildFile; fileRef = 08FB77AAFE841565C02AAC07 /* Carbon.framework */; };
		E9A47F5606FDF92E00A8AE3C /* DECPrivate.h in Headers */ = {isa = PBXBuildFile; fileRef = E936380A06FCCCA300E354DB /* DECPrivate.h */; };
		E9A4812406FF59DF00A8AE3C /* DECEvent.h in Headers */ = {isa = PBXBuildFile; fileRef = E9A4811A06FF59DF00A8AE3C /* DECEvent.h */; settings = {ATTRIBUTES = (Public, ); }; };
		E9A4812506FF59DF00A8AE3C /* DECEventAlpha.h in Headers */ = {isa = PBXBuildFile; fileRef = E9A4811B06FF59DF00A8AE3C /* DECEventAlpha.h */; settings = {ATTRIBUTES = (Public, ); }; };
		E9A4812606FF59DF00A8AE3C /* DECEventDesktop.h in Headers */ = {isa = PBXBuildFile; fileRef = E9A4811C06FF59DF00A8AE3C /* DECEventDesktop.h */; settings = {ATTRIBUTES = (Public, ); }; };
		E9A4812706FF59DF00A8AE3C /* DECEventInfo.h in Headers */ = {isa = PBXBuildFile; fileRef = E9A4811D06FF59DF00A8AE3C /* DECEventInfo.h */; settings = {ATTRIBUTES = (Public, ); }; };
		E9A4812806FF59DF00A8AE3C /* DECEventLevel.h in Headers */ = {isa = PBXBuildFile; fileRef = E9A4811E06FF59DF00A8AE3C /* DECEventLevel.h */; settings = {ATTRIBUTES = (Public, ); }; };
		E9A4812906FF59DF00A8AE3C /* DECEventOrder.h in Headers */ = {isa = PBXBuildFile; fileRef = E9A4811F06FF59DF00A8AE3C /* DECEventOrder.h */; settings = {ATTRIBUTES = (Public, ); }; };
		E9A4812A06FF59DF00A8AE3C /* DECEventProperty.h in Headers */ = {isa = PBXBuildFile; fileRef = E9A4812006FF59DF00A8AE3C /* DECEventProperty.h */; settings = {ATTRIBUTES = (Public, ); }; };
		E9A4812B06FF59DF00A8AE3C /* DECEventTags.h in Headers */ = {isa = PBXBuildFile; fileRef = E9A4812106FF59DF00A8AE3C /* DECEventTags.h */; settings = {ATTRIBUTES = (Public, ); }; };
		E9A4812C06FF59DF00A8AE3C /* DECInjector.h in Headers */ = {isa = PBXBuildFile; fileRef = E9A4812206FF59DF00A8AE3C /* DECInjector.h */; settings = {ATTRIBUTES = (Public, ); }; };
		E9D2B60F0701E750008879E0 /* DEComm.h in Headers */ = {isa = PBXBuildFile; fileRef = E9D2B60E0701E750008879E0 /* DEComm.h */; };
		E9D2B61C0701E823008879E0 /* DECCgsExt.h in Headers */ = {isa = PBXBuildFile; fileRef = E9D2B61B0701E823008879E0 /* DECCgsExt.h */; };
		E9D2B61E0701E833008879E0 /* DECCgsExt.c in Sources */ = {isa = PBXBuildFile; fileRef = E9D2B61D0701E833008879E0 /* DECCgsExt.c */; };
/* End PBXBuildFile section */

/* Begin PBXBuildStyle section */
		4F0BB7EC011F40E904CA0E50 /* Development */ = {
			isa = PBXBuildStyle;
			buildSettings = {
				COPY_PHASE_STRIP = NO;
				DEBUGGING_SYMBOLS = YES;
				GCC_DYNAMIC_NO_PIC = NO;
				GCC_ENABLE_FIX_AND_CONTINUE = YES;
				GCC_GENERATE_DEBUGGING_SYMBOLS = YES;
				GCC_OPTIMIZATION_LEVEL = 0;
				OPTIMIZATION_CFLAGS = "-O0";
				ZERO_LINK = YES;
			};
			name = Development;
		};
		4F0BB7ED011F40E904CA0E50 /* Deployment */ = {
			isa = PBXBuildStyle;
			buildSettings = {
				COPY_PHASE_STRIP = YES;
				GCC_ENABLE_FIX_AND_CONTINUE = NO;
				ZERO_LINK = NO;
			};
			name = Deployment;
		};
		E958EE1A06FD8A35001DCB1E /* Development Private Framework */ = {
			isa = PBXBuildStyle;
			buildSettings = {
				COPY_PHASE_STRIP = NO;
				DEBUGGING_SYMBOLS = YES;
				GCC_DYNAMIC_NO_PIC = NO;
				GCC_ENABLE_FIX_AND_CONTINUE = YES;
				GCC_GENERATE_DEBUGGING_SYMBOLS = YES;
				GCC_OPTIMIZATION_LEVEL = 0;
				INSTALL_PATH = "@executable_path/../Frameworks";
				OPTIMIZATION_CFLAGS = "-O0";
				ZERO_LINK = YES;
			};
			name = "Development Private Framework";
		};
		E9D2B6560701F09B008879E0 /* Deployment Private Framework */ = {
			isa = PBXBuildStyle;
			buildSettings = {
				COPY_PHASE_STRIP = YES;
				GCC_ENABLE_FIX_AND_CONTINUE = NO;
				INSTALL_PATH = "@executable_path/../Frameworks";
				ZERO_LINK = NO;
			};
			name = "Deployment Private Framework";
		};
/* End PBXBuildStyle section */

/* Begin PBXFileReference section */
		089C1667FE841158C02AAC07 /* English */ = {isa = PBXFileReference; fileEncoding = 10; lastKnownFileType = text.plist.strings; name = English; path = English.lproj/InfoPlist.strings; sourceTree = "<group>"; };
		08FB77AAFE841565C02AAC07 /* Carbon.framework */ = {isa = PBXFileReference; lastKnownFileType = wrapper.framework; name = Carbon.framework; path = /System/Library/Frameworks/Carbon.framework; sourceTree = "<absolute>"; };
		08FB77B0FE84176FC02AAC07 /* main.c */ = {isa = PBXFileReference; fileEncoding = 30; lastKnownFileType = sourcecode.c.c; path = main.c; sourceTree = "<group>"; };
		32BAE0B70371A74B00C91783 /* decomm_Prefix.pch */ = {isa = PBXFileReference; fileEncoding = 4; lastKnownFileType = sourcecode.c.h; path = decomm_Prefix.pch; sourceTree = "<group>"; };
		8D07F2C70486CC7A007CD1D0 /* Info.plist */ = {isa = PBXFileReference; fileEncoding = 4; lastKnownFileType = text.plist; path = Info.plist; sourceTree = "<group>"; };
		E9124F40073187DA00BD28CD /* DECVersion.h */ = {isa = PBXFileReference; fileEncoding = 4; lastKnownFileType = sourcecode.c.h; name = DECVersion.h; path = includes/DECVersion.h; sourceTree = "<group>"; };
		E9124F430731885E00BD28CD /* DECVersion.c */ = {isa = PBXFileReference; fileEncoding = 4; lastKnownFileType = sourcecode.c.c; name = DECVersion.c; path = src/DECVersion.c; sourceTree = "<group>"; };
		E93637F806FCCCA300E354DB /* DECEvent.c */ = {isa = PBXFileReference; fileEncoding = 30; lastKnownFileType = sourcecode.c.c; name = DECEvent.c; path = src/DECEvent.c; sourceTree = "<group>"; };
		E93637FA06FCCCA300E354DB /* DECEventAlpha.c */ = {isa = PBXFileReference; fileEncoding = 30; lastKnownFileType = sourcecode.c.c; name = DECEventAlpha.c; path = src/DECEventAlpha.c; sourceTree = "<group>"; };
		E93637FC06FCCCA300E354DB /* DECEventDesktop.c */ = {isa = PBXFileReference; fileEncoding = 30; lastKnownFileType = sourcecode.c.c; name = DECEventDesktop.c; path = src/DECEventDesktop.c; sourceTree = "<group>"; };
		E93637FE06FCCCA300E354DB /* DECEventInfo.c */ = {isa = PBXFileReference; fileEncoding = 30; lastKnownFileType = sourcecode.c.c; name = DECEventInfo.c; path = src/DECEventInfo.c; sourceTree = "<group>"; };
		E936380006FCCCA300E354DB /* DECEventLevel.c */ = {isa = PBXFileReference; fileEncoding = 30; lastKnownFileType = sourcecode.c.c; name = DECEventLevel.c; path = src/DECEventLevel.c; sourceTree = "<group>"; };
		E936380206FCCCA300E354DB /* DECEventOrder.c */ = {isa = PBXFileReference; fileEncoding = 30; lastKnownFileType = sourcecode.c.c; name = DECEventOrder.c; path = src/DECEventOrder.c; sourceTree = "<group>"; };
		E936380406FCCCA300E354DB /* DECEventProperty.c */ = {isa = PBXFileReference; fileEncoding = 30; lastKnownFileType = sourcecode.c.c; name = DECEventProperty.c; path = src/DECEventProperty.c; sourceTree = "<group>"; };
		E936380606FCCCA300E354DB /* DECEventTags.c */ = {isa = PBXFileReference; fileEncoding = 30; lastKnownFileType = sourcecode.c.c; name = DECEventTags.c; path = src/DECEventTags.c; sourceTree = "<group>"; };
		E936380806FCCCA300E354DB /* DECInjector.c */ = {isa = PBXFileReference; fileEncoding = 30; lastKnownFileType = sourcecode.c.c; name = DECInjector.c; path = src/DECInjector.c; sourceTree = "<group>"; };
		E936380A06FCCCA300E354DB /* DECPrivate.h */ = {isa = PBXFileReference; fileEncoding = 30; lastKnownFileType = sourcecode.c.h; name = DECPrivate.h; path = src/DECPrivate.h; sourceTree = "<group>"; };
		E936380B06FCCCA300E354DB /* mach_inject.c */ = {isa = PBXFileReference; fileEncoding = 30; lastKnownFileType = sourcecode.c.c; name = mach_inject.c; path = src/mach_inject.c; sourceTree = "<group>"; };
		E936380C06FCCCA300E354DB /* mach_inject.h */ = {isa = PBXFileReference; fileEncoding = 30; lastKnownFileType = sourcecode.c.h; name = mach_inject.h; path = src/mach_inject.h; sourceTree = "<group>"; };
		E958EEDB06FDA03E001DCB1E /* libdecomm.a */ = {isa = PBXFileReference; explicitFileType = archive.ar; includeInIndex = 0; path = libdecomm.a; sourceTree = BUILT_PRODUCTS_DIR; };
		E97C3AC2074DDA9F0025CD57 /* English */ = {isa = PBXFileReference; lastKnownFileType = text.rtf; name = English; path = English.lproj/COPYING.rtf; sourceTree = "<group>"; };
		E9A4811A06FF59DF00A8AE3C /* DECEvent.h */ = {isa = PBXFileReference; fileEncoding = 30; lastKnownFileType = sourcecode.c.h; name = DECEvent.h; path = includes/DECEvent.h; sourceTree = "<group>"; };
		E9A4811B06FF59DF00A8AE3C /* DECEventAlpha.h */ = {isa = PBXFileReference; fileEncoding = 30; lastKnownFileType = sourcecode.c.h; name = DECEventAlpha.h; path = includes/DECEventAlpha.h; sourceTree = "<group>"; };
		E9A4811C06FF59DF00A8AE3C /* DECEventDesktop.h */ = {isa = PBXFileReference; fileEncoding = 30; lastKnownFileType = sourcecode.c.h; name = DECEventDesktop.h; path = includes/DECEventDesktop.h; sourceTree = "<group>"; };
		E9A4811D06FF59DF00A8AE3C /* DECEventInfo.h */ = {isa = PBXFileReference; fileEncoding = 30; lastKnownFileType = sourcecode.c.h; name = DECEventInfo.h; path = includes/DECEventInfo.h; sourceTree = "<group>"; };
		E9A4811E06FF59DF00A8AE3C /* DECEventLevel.h */ = {isa = PBXFileReference; fileEncoding = 30; lastKnownFileType = sourcecode.c.h; name = DECEventLevel.h; path = includes/DECEventLevel.h; sourceTree = "<group>"; };
		E9A4811F06FF59DF00A8AE3C /* DECEventOrder.h */ = {isa = PBXFileReference; fileEncoding = 30; lastKnownFileType = sourcecode.c.h; name = DECEventOrder.h; path = includes/DECEventOrder.h; sourceTree = "<group>"; };
		E9A4812006FF59DF00A8AE3C /* DECEventProperty.h */ = {isa = PBXFileReference; fileEncoding = 30; lastKnownFileType = sourcecode.c.h; name = DECEventProperty.h; path = includes/DECEventProperty.h; sourceTree = "<group>"; };
		E9A4812106FF59DF00A8AE3C /* DECEventTags.h */ = {isa = PBXFileReference; fileEncoding = 30; lastKnownFileType = sourcecode.c.h; name = DECEventTags.h; path = includes/DECEventTags.h; sourceTree = "<group>"; };
		E9A4812206FF59DF00A8AE3C /* DECInjector.h */ = {isa = PBXFileReference; fileEncoding = 30; lastKnownFileType = sourcecode.c.h; name = DECInjector.h; path = includes/DECInjector.h; sourceTree = "<group>"; };
		E9D2B60E0701E750008879E0 /* DEComm.h */ = {isa = PBXFileReference; fileEncoding = 30; lastKnownFileType = sourcecode.c.h; name = DEComm.h; path = includes/DEComm.h; sourceTree = "<group>"; };
		E9D2B61B0701E823008879E0 /* DECCgsExt.h */ = {isa = PBXFileReference; fileEncoding = 30; lastKnownFileType = sourcecode.c.h; name = DECCgsExt.h; path = includes/DECCgsExt.h; sourceTree = "<group>"; };
		E9D2B61D0701E833008879E0 /* DECCgsExt.c */ = {isa = PBXFileReference; fileEncoding = 30; lastKnownFileType = sourcecode.c.c; name = DECCgsExt.c; path = src/DECCgsExt.c; sourceTree = "<group>"; };
/* End PBXFileReference section */

/* Begin PBXFrameworksBuildPhase section */
		E958EED906FDA03E001DCB1E /* Frameworks */ = {
			isa = PBXFrameworksBuildPhase;
			buildActionMask = 2147483647;
			files = (
				E958EF9C06FDA1C7001DCB1E /* Carbon.framework in Frameworks */,
			);
			runOnlyForDeploymentPostprocessing = 0;
		};
/* End PBXFrameworksBuildPhase section */

/* Begin PBXGroup section */
		034768DDFF38A45A11DB9C8B /* Products */ = {
			isa = PBXGroup;
			children = (
				E958EEDB06FDA03E001DCB1E /* libdecomm.a */,
			);
			name = Products;
			sourceTree = "<group>";
		};
		0867D691FE84028FC02AAC07 /* decomm */ = {
			isa = PBXGroup;
			children = (
				E9A4812D06FF59E700A8AE3C /* Includes */,
				08FB77ACFE841707C02AAC07 /* Source */,
				089C1665FE841158C02AAC07 /* Resources */,
				0867D69AFE84028FC02AAC07 /* External Frameworks and Libraries */,
				034768DDFF38A45A11DB9C8B /* Products */,
			);
			name = decomm;
			sourceTree = "<group>";
		};
		0867D69AFE84028FC02AAC07 /* External Frameworks and Libraries */ = {
			isa = PBXGroup;
			children = (
				08FB77AAFE841565C02AAC07 /* Carbon.framework */,
			);
			name = "External Frameworks and Libraries";
			sourceTree = "<group>";
		};
		089C1665FE841158C02AAC07 /* Resources */ = {
			isa = PBXGroup;
			children = (
				E97C3AC1074DDA9F0025CD57 /* COPYING.rtf */,
				8D07F2C70486CC7A007CD1D0 /* Info.plist */,
				089C1666FE841158C02AAC07 /* InfoPlist.strings */,
			);
			name = Resources;
			sourceTree = "<group>";
		};
		08FB77ACFE841707C02AAC07 /* Source */ = {
			isa = PBXGroup;
			children = (
				E9124F430731885E00BD28CD /* DECVersion.c */,
				E9D2B61D0701E833008879E0 /* DECCgsExt.c */,
				E93637F806FCCCA300E354DB /* DECEvent.c */,
				E93637FA06FCCCA300E354DB /* DECEventAlpha.c */,
				E93637FC06FCCCA300E354DB /* DECEventDesktop.c */,
				E93637FE06FCCCA300E354DB /* DECEventInfo.c */,
				E936380006FCCCA300E354DB /* DECEventLevel.c */,
				E936380206FCCCA300E354DB /* DECEventOrder.c */,
				E936380406FCCCA300E354DB /* DECEventProperty.c */,
				E936380606FCCCA300E354DB /* DECEventTags.c */,
				E936380806FCCCA300E354DB /* DECInjector.c */,
				E936380A06FCCCA300E354DB /* DECPrivate.h */,
				E936380B06FCCCA300E354DB /* mach_inject.c */,
				E936380C06FCCCA300E354DB /* mach_inject.h */,
				32BAE0B70371A74B00C91783 /* decomm_Prefix.pch */,
				08FB77B0FE84176FC02AAC07 /* main.c */,
			);
			name = Source;
			sourceTree = "<group>";
		};
		E9A4812D06FF59E700A8AE3C /* Includes */ = {
			isa = PBXGroup;
			children = (
				E9124F40073187DA00BD28CD /* DECVersion.h */,
				E9D2B61B0701E823008879E0 /* DECCgsExt.h */,
				E9D2B60E0701E750008879E0 /* DEComm.h */,
				E9A4811A06FF59DF00A8AE3C /* DECEvent.h */,
				E9A4811B06FF59DF00A8AE3C /* DECEventAlpha.h */,
				E9A4811C06FF59DF00A8AE3C /* DECEventDesktop.h */,
				E9A4811D06FF59DF00A8AE3C /* DECEventInfo.h */,
				E9A4811E06FF59DF00A8AE3C /* DECEventLevel.h */,
				E9A4811F06FF59DF00A8AE3C /* DECEventOrder.h */,
				E9A4812006FF59DF00A8AE3C /* DECEventProperty.h */,
				E9A4812106FF59DF00A8AE3C /* DECEventTags.h */,
				E9A4812206FF59DF00A8AE3C /* DECInjector.h */,
			);
			name = Includes;
			sourceTree = "<group>";
		};
/* End PBXGroup section */

/* Begin PBXHeadersBuildPhase section */
		E958EED706FDA03E001DCB1E /* Headers */ = {
			isa = PBXHeadersBuildPhase;
			buildActionMask = 2147483647;
			files = (
				E9A47F5606FDF92E00A8AE3C /* DECPrivate.h in Headers */,
				E9A4812406FF59DF00A8AE3C /* DECEvent.h in Headers */,
				E9A4812506FF59DF00A8AE3C /* DECEventAlpha.h in Headers */,
				E9A4812606FF59DF00A8AE3C /* DECEventDesktop.h in Headers */,
				E9A4812706FF59DF00A8AE3C /* DECEventInfo.h in Headers */,
				E9A4812806FF59DF00A8AE3C /* DECEventLevel.h in Headers */,
				E9A4812906FF59DF00A8AE3C /* DECEventOrder.h in Headers */,
				E9A4812A06FF59DF00A8AE3C /* DECEventProperty.h in Headers */,
				E9A4812B06FF59DF00A8AE3C /* DECEventTags.h in Headers */,
				E9A4812C06FF59DF00A8AE3C /* DECInjector.h in Headers */,
				E9D2B60F0701E750008879E0 /* DEComm.h in Headers */,
				E9D2B61C0701E823008879E0 /* DECCgsExt.h in Headers */,
				E9124F41073187DA00BD28CD /* DECVersion.h in Headers */,
			);
			runOnlyForDeploymentPostprocessing = 0;
		};
/* End PBXHeadersBuildPhase section */

/* Begin PBXNativeTarget section */
		E958EEDA06FDA03E001DCB1E /* decomm */ = {
			isa = PBXNativeTarget;
			buildConfigurationList = EAE822A50924A5DC00239477 /* Build configuration list for PBXNativeTarget "decomm" */;
			buildPhases = (
				E958EED706FDA03E001DCB1E /* Headers */,
				E958EED806FDA03E001DCB1E /* Sources */,
				E958EED906FDA03E001DCB1E /* Frameworks */,
			);
			buildRules = (
			);
			buildSettings = {
				GCC_PRECOMPILE_PREFIX_HEADER = YES;
				GCC_PREFIX_HEADER = "$(SYSTEM_LIBRARY_DIR)/Frameworks/Carbon.framework/Headers/Carbon.h";
				INSTALL_PATH = /usr/local/lib;
				LIBRARY_STYLE = STATIC;
				OTHER_CFLAGS = "";
				OTHER_LDFLAGS = (
					"-framework",
					Carbon,
				);
				OTHER_REZFLAGS = "";
				PRODUCT_NAME = decomm;
				SECTORDER_FLAGS = "";
				WARNING_CFLAGS = (
					"-Wmost",
					"-Wno-four-char-constants",
					"-Wno-unknown-pragmas",
				);
			};
			dependencies = (
			);
			name = decomm;
			productName = decomm;
			productReference = E958EEDB06FDA03E001DCB1E /* libdecomm.a */;
			productType = "com.apple.product-type.library.static";
		};
/* End PBXNativeTarget section */

/* Begin PBXProject section */
		0867D690FE84028FC02AAC07 /* Project object */ = {
			isa = PBXProject;
			buildConfigurationList = EAE822AB0924A5DC00239477 /* Build configuration list for PBXProject "decomm" */;
			buildSettings = {
			};
			buildStyles = (
				4F0BB7EC011F40E904CA0E50 /* Development */,
				E958EE1A06FD8A35001DCB1E /* Development Private Framework */,
				4F0BB7ED011F40E904CA0E50 /* Deployment */,
				E9D2B6560701F09B008879E0 /* Deployment Private Framework */,
			);
			hasScannedForEncodings = 1;
			mainGroup = 0867D691FE84028FC02AAC07 /* decomm */;
			productRefGroup = 034768DDFF38A45A11DB9C8B /* Products */;
			projectDirPath = "";
			targets = (
				E958EEDA06FDA03E001DCB1E /* decomm */,
			);
		};
/* End PBXProject section */

/* Begin PBXSourcesBuildPhase section */
		E958EED806FDA03E001DCB1E /* Sources */ = {
			isa = PBXSourcesBuildPhase;
			buildActionMask = 2147483647;
			files = (
				E958EEDD06FDA066001DCB1E /* DECEvent.c in Sources */,
				E958EEDE06FDA066001DCB1E /* DECEventAlpha.c in Sources */,
				E958EEDF06FDA066001DCB1E /* DECEventDesktop.c in Sources */,
				E958EEE006FDA066001DCB1E /* DECEventInfo.c in Sources */,
				E958EEE106FDA066001DCB1E /* DECEventLevel.c in Sources */,
				E958EEE206FDA066001DCB1E /* DECEventOrder.c in Sources */,
				E958EEE306FDA066001DCB1E /* DECEventProperty.c in Sources */,
				E958EEE406FDA066001DCB1E /* DECEventTags.c in Sources */,
				E958EEE506FDA066001DCB1E /* DECInjector.c in Sources */,
				E958EEE606FDA066001DCB1E /* mach_inject.c in Sources */,
				E9D2B61E0701E833008879E0 /* DECCgsExt.c in Sources */,
				E9124F440731885E00BD28CD /* DECVersion.c in Sources */,
			);
			runOnlyForDeploymentPostprocessing = 0;
		};
/* End PBXSourcesBuildPhase section */

/* Begin PBXVariantGroup section */
		089C1666FE841158C02AAC07 /* InfoPlist.strings */ = {
			isa = PBXVariantGroup;
			children = (
				089C1667FE841158C02AAC07 /* English */,
			);
			name = InfoPlist.strings;
			sourceTree = "<group>";
		};
		E97C3AC1074DDA9F0025CD57 /* COPYING.rtf */ = {
			isa = PBXVariantGroup;
			children = (
				E97C3AC2074DDA9F0025CD57 /* English */,
			);
			name = COPYING.rtf;
			sourceTree = "<group>";
		};
/* End PBXVariantGroup section */

/* Begin XCBuildConfiguration section */
		EAE822A60924A5DC00239477 /* Development */ = {
			isa = XCBuildConfiguration;
			buildSettings = {
				COPY_PHASE_STRIP = NO;
				DEBUGGING_SYMBOLS = YES;
				GCC_DYNAMIC_NO_PIC = NO;
				GCC_ENABLE_FIX_AND_CONTINUE = YES;
				GCC_GENERATE_DEBUGGING_SYMBOLS = YES;
				GCC_OPTIMIZATION_LEVEL = 0;
				GCC_PRECOMPILE_PREFIX_HEADER = YES;
				GCC_PREFIX_HEADER = "$(SYSTEM_LIBRARY_DIR)/Frameworks/Carbon.framework/Headers/Carbon.h";
				INSTALL_PATH = /usr/local/lib;
				LIBRARY_STYLE = STATIC;
				OPTIMIZATION_CFLAGS = "-O0";
				OTHER_CFLAGS = "";
				OTHER_LDFLAGS = (
					"-framework",
					Carbon,
				);
				OTHER_REZFLAGS = "";
				PRODUCT_NAME = decomm;
				SECTORDER_FLAGS = "";
				WARNING_CFLAGS = (
					"-Wmost",
					"-Wno-four-char-constants",
					"-Wno-unknown-pragmas",
				);
				ZERO_LINK = YES;
			};
			name = Development;
		};
		EAE822A70924A5DC00239477 /* Development Private Framework */ = {
			isa = XCBuildConfiguration;
			buildSettings = {
				COPY_PHASE_STRIP = NO;
				DEBUGGING_SYMBOLS = YES;
				GCC_DYNAMIC_NO_PIC = NO;
				GCC_ENABLE_FIX_AND_CONTINUE = YES;
				GCC_GENERATE_DEBUGGING_SYMBOLS = YES;
				GCC_OPTIMIZATION_LEVEL = 0;
				GCC_PRECOMPILE_PREFIX_HEADER = YES;
				GCC_PREFIX_HEADER = "$(SYSTEM_LIBRARY_DIR)/Frameworks/Carbon.framework/Headers/Carbon.h";
				INSTALL_PATH = "@executable_path/../Frameworks";
				LIBRARY_STYLE = STATIC;
				OPTIMIZATION_CFLAGS = "-O0";
				OTHER_CFLAGS = "";
				OTHER_LDFLAGS = (
					"-framework",
					Carbon,
				);
				OTHER_REZFLAGS = "";
				PRODUCT_NAME = decomm;
				SECTORDER_FLAGS = "";
				WARNING_CFLAGS = (
					"-Wmost",
					"-Wno-four-char-constants",
					"-Wno-unknown-pragmas",
				);
				ZERO_LINK = YES;
			};
			name = "Development Private Framework";
		};
		EAE822A80924A5DC00239477 /* Deployment */ = {
			isa = XCBuildConfiguration;
			buildSettings = {
				COPY_PHASE_STRIP = YES;
				GCC_ENABLE_FIX_AND_CONTINUE = NO;
				GCC_PRECOMPILE_PREFIX_HEADER = YES;
				GCC_PREFIX_HEADER = "$(SYSTEM_LIBRARY_DIR)/Frameworks/Carbon.framework/Headers/Carbon.h";
				INSTALL_PATH = /usr/local/lib;
				LIBRARY_STYLE = STATIC;
				OTHER_CFLAGS = "";
				OTHER_LDFLAGS = (
					"-framework",
					Carbon,
				);
				OTHER_REZFLAGS = "";
				PRODUCT_NAME = decomm;
				SECTORDER_FLAGS = "";
				WARNING_CFLAGS = (
					"-Wmost",
					"-Wno-four-char-constants",
					"-Wno-unknown-pragmas",
				);
				ZERO_LINK = NO;
			};
			name = Deployment;
		};
		EAE822A90924A5DC00239477 /* Deployment Private Framework */ = {
			isa = XCBuildConfiguration;
			buildSettings = {
				COPY_PHASE_STRIP = YES;
				GCC_ENABLE_FIX_AND_CONTINUE = NO;
				GCC_PRECOMPILE_PREFIX_HEADER = YES;
				GCC_PREFIX_HEADER = "$(SYSTEM_LIBRARY_DIR)/Frameworks/Carbon.framework/Headers/Carbon.h";
				INSTALL_PATH = "@executable_path/../Frameworks";
				LIBRARY_STYLE = STATIC;
				OTHER_CFLAGS = "";
				OTHER_LDFLAGS = (
					"-framework",
					Carbon,
				);
				OTHER_REZFLAGS = "";
				PRODUCT_NAME = decomm;
				SECTORDER_FLAGS = "";
				WARNING_CFLAGS = (
					"-Wmost",
					"-Wno-four-char-constants",
					"-Wno-unknown-pragmas",
				);
				ZERO_LINK = NO;
			};
			name = "Deployment Private Framework";
		};
		EAE822AA0924A5DC00239477 /* Default */ = {
			isa = XCBuildConfiguration;
			buildSettings = {
				GCC_PRECOMPILE_PREFIX_HEADER = YES;
				GCC_PREFIX_HEADER = "$(SYSTEM_LIBRARY_DIR)/Frameworks/Carbon.framework/Headers/Carbon.h";
				INSTALL_PATH = /usr/local/lib;
				LIBRARY_STYLE = STATIC;
				OTHER_CFLAGS = "";
				OTHER_LDFLAGS = (
					"-framework",
					Carbon,
				);
				OTHER_REZFLAGS = "";
				PRODUCT_NAME = decomm;
				SECTORDER_FLAGS = "";
				WARNING_CFLAGS = (
					"-Wmost",
					"-Wno-four-char-constants",
					"-Wno-unknown-pragmas",
				);
			};
			name = Default;
		};
		EAE822AC0924A5DC00239477 /* Development */ = {
			isa = XCBuildConfiguration;
			buildSettings = {
			};
			name = Development;
		};
		EAE822AD0924A5DC00239477 /* Development Private Framework */ = {
			isa = XCBuildConfiguration;
			buildSettings = {
			};
			name = "Development Private Framework";
		};
		EAE822AE0924A5DC00239477 /* Deployment */ = {
			isa = XCBuildConfiguration;
			buildSettings = {
			};
			name = Deployment;
		};
		EAE822AF0924A5DC00239477 /* Deployment Private Framework */ = {
			isa = XCBuildConfiguration;
			buildSettings = {
			};
			name = "Deployment Private Framework";
		};
		EAE822B00924A5DC00239477 /* Default */ = {
			isa = XCBuildConfiguration;
			buildSettings = {
			};
			name = Default;
		};
/* End XCBuildConfiguration section */

/* Begin XCConfigurationList section */
		EAE822A50924A5DC00239477 /* Build configuration list for PBXNativeTarget "decomm" */ = {
			isa = XCConfigurationList;
			buildConfigurations = (
				EAE822A60924A5DC00239477 /* Development */,
				EAE822A70924A5DC00239477 /* Development Private Framework */,
				EAE822A80924A5DC00239477 /* Deployment */,
				EAE822A90924A5DC00239477 /* Deployment Private Framework */,
				EAE822AA0924A5DC00239477 /* Default */,
			);
			defaultConfigurationIsVisible = 0;
			defaultConfigurationName = Default;
		};
		EAE822AB0924A5DC00239477 /* Build configuration list for PBXProject "decomm" */ = {
			isa = XCConfigurationList;
			buildConfigurations = (
				EAE822AC0924A5DC00239477 /* Development */,
				EAE822AD0924A5DC00239477 /* Development Private Framework */,
				EAE822AE0924A5DC00239477 /* Deployment */,
				EAE822AF0924A5DC00239477 /* Deployment Private Framework */,
				EAE822B00924A5DC00239477 /* Default */,
			);
			defaultConfigurationIsVisible = 0;
			defaultConfigurationName = Default;
		};
/* End XCConfigurationList section */
	};
	rootObject = 0867D690FE84028FC02AAC07 /* Project object */;
}
