// !$*UTF8*$!
{
	archiveVersion = 1;
	classes = {
	};
	objectVersion = 42;
	objects = {

/* Begin PBXBuildFile section */
		8DC2EF530486A6940098B216 /* InfoPlist.strings in Resources */ = {isa = PBXBuildFile; fileRef = 089C1666FE841158C02AAC07 /* InfoPlist.strings */; };
		8DC2EF570486A6940098B216 /* Cocoa.framework in Frameworks */ = {isa = PBXBuildFile; fileRef = 1058C7B1FEA5585E11CA2CBB /* Cocoa.framework */; };
		E91AD80C0703571B00F69228 /* Foundation.framework in Frameworks */ = {isa = PBXBuildFile; fileRef = 0867D69BFE84028FC02AAC07 /* Foundation.framework */; };
		E93637DF06FCCC2200E354DB /* Peony.h in Headers */ = {isa = PBXBuildFile; fileRef = E93637D006FCCC2200E354DB /* Peony.h */; settings = {ATTRIBUTES = (Public, ); }; };
		E93637E006FCCC2200E354DB /* PNApplication.h in Headers */ = {isa = PBXBuildFile; fileRef = E93637D106FCCC2200E354DB /* PNApplication.h */; settings = {ATTRIBUTES = (Public, ); }; };
		E93637E106FCCC2200E354DB /* PNApplication.m in Sources */ = {isa = PBXBuildFile; fileRef = E93637D206FCCC2200E354DB /* PNApplication.m */; };
		E93637E206FCCC2200E354DB /* PNDesktop.h in Headers */ = {isa = PBXBuildFile; fileRef = E93637D306FCCC2200E354DB /* PNDesktop.h */; settings = {ATTRIBUTES = (Public, ); }; };
		E93637E306FCCC2200E354DB /* PNDesktop.m in Sources */ = {isa = PBXBuildFile; fileRef = E93637D406FCCC2200E354DB /* PNDesktop.m */; };
		E93637E406FCCC2200E354DB /* PNDesktopItem.h in Headers */ = {isa = PBXBuildFile; fileRef = E93637D506FCCC2200E354DB /* PNDesktopItem.h */; settings = {ATTRIBUTES = (Public, ); }; };
		E93637E506FCCC2200E354DB /* PNNotifications.h in Headers */ = {isa = PBXBuildFile; fileRef = E93637D606FCCC2200E354DB /* PNNotifications.h */; settings = {ATTRIBUTES = (Public, ); }; };
		E93637E606FCCC2200E354DB /* PNStickyWindowCollection.h in Headers */ = {isa = PBXBuildFile; fileRef = E93637D706FCCC2200E354DB /* PNStickyWindowCollection.h */; };
		E93637E706FCCC2200E354DB /* PNStickyWindowCollection.m in Sources */ = {isa = PBXBuildFile; fileRef = E93637D806FCCC2200E354DB /* PNStickyWindowCollection.m */; };
		E93637E806FCCC2200E354DB /* PNWindow.h in Headers */ = {isa = PBXBuildFile; fileRef = E93637D906FCCC2200E354DB /* PNWindow.h */; settings = {ATTRIBUTES = (Public, ); }; };
		E93637E906FCCC2200E354DB /* PNWindow.m in Sources */ = {isa = PBXBuildFile; fileRef = E93637DA06FCCC2200E354DB /* PNWindow.m */; };
		E93637EA06FCCC2200E354DB /* PNWindowList.h in Headers */ = {isa = PBXBuildFile; fileRef = E93637DB06FCCC2200E354DB /* PNWindowList.h */; settings = {ATTRIBUTES = (Public, ); }; };
		E93637EB06FCCC2200E354DB /* PNWindowList.m in Sources */ = {isa = PBXBuildFile; fileRef = E93637DC06FCCC2200E354DB /* PNWindowList.m */; };
		E93637EC06FCCC2200E354DB /* PNWindowPool.h in Headers */ = {isa = PBXBuildFile; fileRef = E93637DD06FCCC2200E354DB /* PNWindowPool.h */; settings = {ATTRIBUTES = (); }; };
		E93637ED06FCCC2200E354DB /* PNWindowPool.m in Sources */ = {isa = PBXBuildFile; fileRef = E93637DE06FCCC2200E354DB /* PNWindowPool.m */; };
		E936395806FCD32500E354DB /* CGSPrivate.h in Headers */ = {isa = PBXBuildFile; fileRef = E936395706FCD31A00E354DB /* CGSPrivate.h */; settings = {ATTRIBUTES = (Public, ); }; };
		E9572C43070B32810053E494 /* PNDesktopScripting.h in Headers */ = {isa = PBXBuildFile; fileRef = E9572C41070B32810053E494 /* PNDesktopScripting.h */; settings = {ATTRIBUTES = (Public, ); }; };
		E9572C44070B32810053E494 /* PNDesktopScripting.m in Sources */ = {isa = PBXBuildFile; fileRef = E9572C42070B32810053E494 /* PNDesktopScripting.m */; };
		E958EF9E06FDA227001DCB1E /* Carbon.framework in Frameworks */ = {isa = PBXBuildFile; fileRef = E958EF9D06FDA220001DCB1E /* Carbon.framework */; };
		E97C3AB8074DDA550025CD57 /* COPYING in Resources */ = {isa = PBXBuildFile; fileRef = E97C3AB6074DDA550025CD57 /* COPYING */; };
		E97C3ABB074DDA690025CD57 /* GPL in Resources */ = {isa = PBXBuildFile; fileRef = E97C3AB9074DDA690025CD57 /* GPL */; };
		EA1E6DDE0924CCF800AABD4D /* libdecomm.a in Frameworks */ = {isa = PBXBuildFile; fileRef = EA1E6DD50924CCE100AABD4D /* libdecomm.a */; };
		EA1E6DDF0924CD0100AABD4D /* Zen.framework in Frameworks */ = {isa = PBXBuildFile; fileRef = EA1E6DDD0924CCF300AABD4D /* Zen.framework */; };
/* End PBXBuildFile section */

/* Begin PBXBuildStyle section */
		014CEA440018CDF011CA2923 /* Development */ = {
			isa = PBXBuildStyle;
			buildSettings = {
				COPY_PHASE_STRIP = NO;
				GCC_DYNAMIC_NO_PIC = NO;
				GCC_ENABLE_FIX_AND_CONTINUE = YES;
				GCC_GENERATE_DEBUGGING_SYMBOLS = YES;
				GCC_OPTIMIZATION_LEVEL = 0;
				ZERO_LINK = YES;
			};
			name = Development;
		};
		014CEA450018CDF011CA2923 /* Deployment */ = {
			isa = PBXBuildStyle;
			buildSettings = {
				COPY_PHASE_STRIP = YES;
				GCC_ENABLE_FIX_AND_CONTINUE = NO;
				ZERO_LINK = NO;
			};
			name = Deployment;
		};
		E958EDAB06FD88E3001DCB1E /* Development Private Framework */ = {
			isa = PBXBuildStyle;
			buildSettings = {
				COPY_PHASE_STRIP = NO;
				GCC_DYNAMIC_NO_PIC = NO;
				GCC_ENABLE_FIX_AND_CONTINUE = YES;
				GCC_GENERATE_DEBUGGING_SYMBOLS = YES;
				GCC_OPTIMIZATION_LEVEL = 0;
				INSTALL_PATH = "@executable_path/../Frameworks";
				ZERO_LINK = YES;
			};
			name = "Development Private Framework";
		};
		E9D2B6570701F113008879E0 /* Deployment Private Framework */ = {
			isa = PBXBuildStyle;
			buildSettings = {
				COPY_PHASE_STRIP = YES;
				GCC_ENABLE_FIX_AND_CONTINUE = NO;
				INSTALL_PATH = "@executable_path/../Frameworks";
				ZERO_LINK = NO;
			};
			name = "Deployment Private Framework";
		};
/* End PBXBuildStyle section */

/* Begin PBXContainerItemProxy section */
		EA1E6DD40924CCE100AABD4D /* PBXContainerItemProxy */ = {
			isa = PBXContainerItemProxy;
			containerPortal = EA1E6DD00924CCE100AABD4D /* decomm.xcodeproj */;
			proxyType = 2;
			remoteGlobalIDString = E958EEDB06FDA03E001DCB1E;
			remoteInfo = decomm;
		};
		EA1E6DDC0924CCF300AABD4D /* PBXContainerItemProxy */ = {
			isa = PBXContainerItemProxy;
			containerPortal = EA1E6DD80924CCF300AABD4D /* Zen.xcodeproj */;
			proxyType = 2;
			remoteGlobalIDString = 8DC2EF5B0486A6940098B216;
			remoteInfo = Zen;
		};
/* End PBXContainerItemProxy section */

/* Begin PBXFileReference section */
		0867D69BFE84028FC02AAC07 /* Foundation.framework */ = {isa = PBXFileReference; lastKnownFileType = wrapper.framework; name = Foundation.framework; path = /System/Library/Frameworks/Foundation.framework; sourceTree = "<absolute>"; };
		0867D6A5FE840307C02AAC07 /* AppKit.framework */ = {isa = PBXFileReference; lastKnownFileType = wrapper.framework; name = AppKit.framework; path = /System/Library/Frameworks/AppKit.framework; sourceTree = "<absolute>"; };
		089C1667FE841158C02AAC07 /* English */ = {isa = PBXFileReference; fileEncoding = 10; lastKnownFileType = text.plist.strings; name = English; path = English.lproj/InfoPlist.strings; sourceTree = "<group>"; };
		1058C7B1FEA5585E11CA2CBB /* Cocoa.framework */ = {isa = PBXFileReference; lastKnownFileType = wrapper.framework; name = Cocoa.framework; path = /System/Library/Frameworks/Cocoa.framework; sourceTree = "<absolute>"; };
		32DBCF5E0370ADEE00C91783 /* peony_Prefix.pch */ = {isa = PBXFileReference; fileEncoding = 4; lastKnownFileType = sourcecode.c.h; path = peony_Prefix.pch; sourceTree = "<group>"; };
		8DC2EF5A0486A6940098B216 /* Info.plist */ = {isa = PBXFileReference; fileEncoding = 4; lastKnownFileType = text.plist; path = Info.plist; sourceTree = "<group>"; };
		8DC2EF5B0486A6940098B216 /* Peony.framework */ = {isa = PBXFileReference; explicitFileType = wrapper.framework; includeInIndex = 0; path = Peony.framework; sourceTree = BUILT_PRODUCTS_DIR; };
		E93637D006FCCC2200E354DB /* Peony.h */ = {isa = PBXFileReference; fileEncoding = 30; lastKnownFileType = sourcecode.c.h; name = Peony.h; path = src/Peony.h; sourceTree = "<group>"; };
		E93637D106FCCC2200E354DB /* PNApplication.h */ = {isa = PBXFileReference; fileEncoding = 30; lastKnownFileType = sourcecode.c.h; name = PNApplication.h; path = src/PNApplication.h; sourceTree = "<group>"; };
		E93637D206FCCC2200E354DB /* PNApplication.m */ = {isa = PBXFileReference; fileEncoding = 30; lastKnownFileType = sourcecode.c.objc; name = PNApplication.m; path = src/PNApplication.m; sourceTree = "<group>"; };
		E93637D306FCCC2200E354DB /* PNDesktop.h */ = {isa = PBXFileReference; fileEncoding = 30; lastKnownFileType = sourcecode.c.h; name = PNDesktop.h; path = src/PNDesktop.h; sourceTree = "<group>"; };
		E93637D406FCCC2200E354DB /* PNDesktop.m */ = {isa = PBXFileReference; fileEncoding = 30; lastKnownFileType = sourcecode.c.objc; name = PNDesktop.m; path = src/PNDesktop.m; sourceTree = "<group>"; };
		E93637D506FCCC2200E354DB /* PNDesktopItem.h */ = {isa = PBXFileReference; fileEncoding = 30; lastKnownFileType = sourcecode.c.h; name = PNDesktopItem.h; path = src/PNDesktopItem.h; sourceTree = "<group>"; };
		E93637D606FCCC2200E354DB /* PNNotifications.h */ = {isa = PBXFileReference; fileEncoding = 30; lastKnownFileType = sourcecode.c.h; name = PNNotifications.h; path = src/PNNotifications.h; sourceTree = "<group>"; };
		E93637D706FCCC2200E354DB /* PNStickyWindowCollection.h */ = {isa = PBXFileReference; fileEncoding = 30; lastKnownFileType = sourcecode.c.h; name = PNStickyWindowCollection.h; path = src/PNStickyWindowCollection.h; sourceTree = "<group>"; };
		E93637D806FCCC2200E354DB /* PNStickyWindowCollection.m */ = {isa = PBXFileReference; fileEncoding = 30; lastKnownFileType = sourcecode.c.objc; name = PNStickyWindowCollection.m; path = src/PNStickyWindowCollection.m; sourceTree = "<group>"; };
		E93637D906FCCC2200E354DB /* PNWindow.h */ = {isa = PBXFileReference; fileEncoding = 30; lastKnownFileType = sourcecode.c.h; name = PNWindow.h; path = src/PNWindow.h; sourceTree = "<group>"; };
		E93637DA06FCCC2200E354DB /* PNWindow.m */ = {isa = PBXFileReference; fileEncoding = 30; lastKnownFileType = sourcecode.c.objc; name = PNWindow.m; path = src/PNWindow.m; sourceTree = "<group>"; };
		E93637DB06FCCC2200E354DB /* PNWindowList.h */ = {isa = PBXFileReference; fileEncoding = 30; lastKnownFileType = sourcecode.c.h; name = PNWindowList.h; path = src/PNWindowList.h; sourceTree = "<group>"; };
		E93637DC06FCCC2200E354DB /* PNWindowList.m */ = {isa = PBXFileReference; fileEncoding = 30; lastKnownFileType = sourcecode.c.objc; name = PNWindowList.m; path = src/PNWindowList.m; sourceTree = "<group>"; };
		E93637DD06FCCC2200E354DB /* PNWindowPool.h */ = {isa = PBXFileReference; fileEncoding = 30; lastKnownFileType = sourcecode.c.h; name = PNWindowPool.h; path = src/PNWindowPool.h; sourceTree = "<group>"; };
		E93637DE06FCCC2200E354DB /* PNWindowPool.m */ = {isa = PBXFileReference; fileEncoding = 30; lastKnownFileType = sourcecode.c.objc; name = PNWindowPool.m; path = src/PNWindowPool.m; sourceTree = "<group>"; };
		E936395706FCD31A00E354DB /* CGSPrivate.h */ = {isa = PBXFileReference; fileEncoding = 30; lastKnownFileType = sourcecode.c.h; name = CGSPrivate.h; path = ../../shared/CGS/CGSPrivate.h; sourceTree = SOURCE_ROOT; };
		E9572C41070B32810053E494 /* PNDesktopScripting.h */ = {isa = PBXFileReference; fileEncoding = 4; lastKnownFileType = sourcecode.c.h; name = PNDesktopScripting.h; path = src/Scripting/PNDesktopScripting.h; sourceTree = "<group>"; };
		E9572C42070B32810053E494 /* PNDesktopScripting.m */ = {isa = PBXFileReference; fileEncoding = 4; lastKnownFileType = sourcecode.c.objc; name = PNDesktopScripting.m; path = src/Scripting/PNDesktopScripting.m; sourceTree = "<group>"; };
		E958EF9D06FDA220001DCB1E /* Carbon.framework */ = {isa = PBXFileReference; lastKnownFileType = wrapper.framework; name = Carbon.framework; path = /System/Library/Frameworks/Carbon.framework; sourceTree = "<absolute>"; };
		E97C3AB7074DDA550025CD57 /* English */ = {isa = PBXFileReference; fileEncoding = 30; lastKnownFileType = text; name = English; path = English.lproj/COPYING; sourceTree = "<group>"; };
		E97C3ABA074DDA690025CD57 /* English */ = {isa = PBXFileReference; fileEncoding = 30; lastKnownFileType = text; name = English; path = English.lproj/GPL; sourceTree = "<group>"; };
		EA1E6DD00924CCE100AABD4D /* decomm.xcodeproj */ = {isa = PBXFileReference; lastKnownFileType = "wrapper.pb-project"; name = decomm.xcodeproj; path = ../decomm/decomm.xcodeproj; sourceTree = SOURCE_ROOT; };
		EA1E6DD80924CCF300AABD4D /* Zen.xcodeproj */ = {isa = PBXFileReference; lastKnownFileType = "wrapper.pb-project"; name = Zen.xcodeproj; path = ../Zen/Zen.xcodeproj; sourceTree = SOURCE_ROOT; };
/* End PBXFileReference section */

/* Begin PBXFrameworksBuildPhase section */
		8DC2EF560486A6940098B216 /* Frameworks */ = {
			isa = PBXFrameworksBuildPhase;
			buildActionMask = 2147483647;
			files = (
				E91AD80C0703571B00F69228 /* Foundation.framework in Frameworks */,
				EA1E6DDE0924CCF800AABD4D /* libdecomm.a in Frameworks */,
				E958EF9E06FDA227001DCB1E /* Carbon.framework in Frameworks */,
				8DC2EF570486A6940098B216 /* Cocoa.framework in Frameworks */,
				EA1E6DDF0924CD0100AABD4D /* Zen.framework in Frameworks */,
			);
			runOnlyForDeploymentPostprocessing = 0;
		};
/* End PBXFrameworksBuildPhase section */

/* Begin PBXGroup section */
		034768DFFF38A50411DB9C8B /* Products */ = {
			isa = PBXGroup;
			children = (
				8DC2EF5B0486A6940098B216 /* Peony.framework */,
			);
			name = Products;
			sourceTree = "<group>";
		};
		0867D691FE84028FC02AAC07 /* peony */ = {
			isa = PBXGroup;
			children = (
				EA1E6DD80924CCF300AABD4D /* Zen.xcodeproj */,
				EA1E6DD00924CCE100AABD4D /* decomm.xcodeproj */,
				08FB77AEFE84172EC02AAC07 /* Classes */,
				32C88DFF0371C24200C91783 /* Other Sources */,
				089C1665FE841158C02AAC07 /* Resources */,
				0867D69AFE84028FC02AAC07 /* External Frameworks and Libraries */,
				034768DFFF38A50411DB9C8B /* Products */,
			);
			name = peony;
			sourceTree = "<group>";
		};
		0867D69AFE84028FC02AAC07 /* External Frameworks and Libraries */ = {
			isa = PBXGroup;
			children = (
				E936394006FCD24400E354DB /* Virtue Frameworks */,
				1058C7B0FEA5585E11CA2CBB /* Linked Frameworks */,
				1058C7B2FEA5585E11CA2CBB /* Other Frameworks */,
			);
			name = "External Frameworks and Libraries";
			sourceTree = "<group>";
		};
		089C1665FE841158C02AAC07 /* Resources */ = {
			isa = PBXGroup;
			children = (
				E97C3AB9074DDA690025CD57 /* GPL */,
				E97C3AB6074DDA550025CD57 /* COPYING */,
				8DC2EF5A0486A6940098B216 /* Info.plist */,
				089C1666FE841158C02AAC07 /* InfoPlist.strings */,
			);
			name = Resources;
			sourceTree = "<group>";
		};
		08FB77AEFE84172EC02AAC07 /* Classes */ = {
			isa = PBXGroup;
			children = (
				E9572C41070B32810053E494 /* PNDesktopScripting.h */,
				E9572C42070B32810053E494 /* PNDesktopScripting.m */,
				E93637D006FCCC2200E354DB /* Peony.h */,
				E93637D106FCCC2200E354DB /* PNApplication.h */,
				E93637D206FCCC2200E354DB /* PNApplication.m */,
				E93637D306FCCC2200E354DB /* PNDesktop.h */,
				E93637D406FCCC2200E354DB /* PNDesktop.m */,
				E93637D506FCCC2200E354DB /* PNDesktopItem.h */,
				E93637D606FCCC2200E354DB /* PNNotifications.h */,
				E93637D706FCCC2200E354DB /* PNStickyWindowCollection.h */,
				E93637D806FCCC2200E354DB /* PNStickyWindowCollection.m */,
				E93637D906FCCC2200E354DB /* PNWindow.h */,
				E93637DA06FCCC2200E354DB /* PNWindow.m */,
				E93637DB06FCCC2200E354DB /* PNWindowList.h */,
				E93637DC06FCCC2200E354DB /* PNWindowList.m */,
				E93637DD06FCCC2200E354DB /* PNWindowPool.h */,
				E93637DE06FCCC2200E354DB /* PNWindowPool.m */,
			);
			name = Classes;
			sourceTree = "<group>";
		};
		1058C7B0FEA5585E11CA2CBB /* Linked Frameworks */ = {
			isa = PBXGroup;
			children = (
				E958EF9D06FDA220001DCB1E /* Carbon.framework */,
				1058C7B1FEA5585E11CA2CBB /* Cocoa.framework */,
			);
			name = "Linked Frameworks";
			sourceTree = "<group>";
		};
		1058C7B2FEA5585E11CA2CBB /* Other Frameworks */ = {
			isa = PBXGroup;
			children = (
				0867D69BFE84028FC02AAC07 /* Foundation.framework */,
				0867D6A5FE840307C02AAC07 /* AppKit.framework */,
			);
			name = "Other Frameworks";
			sourceTree = "<group>";
		};
		32C88DFF0371C24200C91783 /* Other Sources */ = {
			isa = PBXGroup;
			children = (
				E936395606FCD2FD00E354DB /* CGS */,
				32DBCF5E0370ADEE00C91783 /* peony_Prefix.pch */,
			);
			name = "Other Sources";
			sourceTree = "<group>";
		};
		E936394006FCD24400E354DB /* Virtue Frameworks */ = {
			isa = PBXGroup;
			children = (
			);
			name = "Virtue Frameworks";
			sourceTree = "<group>";
		};
		E936395606FCD2FD00E354DB /* CGS */ = {
			isa = PBXGroup;
			children = (
				E936395706FCD31A00E354DB /* CGSPrivate.h */,
			);
			name = CGS;
			sourceTree = "<group>";
		};
		EA1E6DD10924CCE100AABD4D /* Products */ = {
			isa = PBXGroup;
			children = (
				EA1E6DD50924CCE100AABD4D /* libdecomm.a */,
			);
			name = Products;
			sourceTree = "<group>";
		};
		EA1E6DD90924CCF300AABD4D /* Products */ = {
			isa = PBXGroup;
			children = (
				EA1E6DDD0924CCF300AABD4D /* Zen.framework */,
			);
			name = Products;
			sourceTree = "<group>";
		};
/* End PBXGroup section */

/* Begin PBXHeadersBuildPhase section */
		8DC2EF500486A6940098B216 /* Headers */ = {
			isa = PBXHeadersBuildPhase;
			buildActionMask = 2147483647;
			files = (
				E936395806FCD32500E354DB /* CGSPrivate.h in Headers */,
				E93637DF06FCCC2200E354DB /* Peony.h in Headers */,
				E93637E006FCCC2200E354DB /* PNApplication.h in Headers */,
				E93637E206FCCC2200E354DB /* PNDesktop.h in Headers */,
				E93637E406FCCC2200E354DB /* PNDesktopItem.h in Headers */,
				E93637E506FCCC2200E354DB /* PNNotifications.h in Headers */,
				E93637E606FCCC2200E354DB /* PNStickyWindowCollection.h in Headers */,
				E93637E806FCCC2200E354DB /* PNWindow.h in Headers */,
				E93637EA06FCCC2200E354DB /* PNWindowList.h in Headers */,
				E93637EC06FCCC2200E354DB /* PNWindowPool.h in Headers */,
				E9572C43070B32810053E494 /* PNDesktopScripting.h in Headers */,
			);
			runOnlyForDeploymentPostprocessing = 0;
		};
/* End PBXHeadersBuildPhase section */

/* Begin PBXNativeTarget section */
		8DC2EF4F0486A6940098B216 /* Peony */ = {
			isa = PBXNativeTarget;
			buildConfigurationList = EAE822E10924A62C00239477 /* Build configuration list for PBXNativeTarget "Peony" */;
			buildPhases = (
				8DC2EF500486A6940098B216 /* Headers */,
				8DC2EF520486A6940098B216 /* Resources */,
				8DC2EF540486A6940098B216 /* Sources */,
				8DC2EF560486A6940098B216 /* Frameworks */,
			);
			buildRules = (
			);
			buildSettings = {
				DYLIB_COMPATIBILITY_VERSION = 1;
				DYLIB_CURRENT_VERSION = 1;
				FRAMEWORK_SEARCH_PATHS = (
					../decomm/build,
					../Zen/build,
				);
				FRAMEWORK_VERSION = A;
				GCC_GENERATE_DEBUGGING_SYMBOLS = NO;
				GCC_PRECOMPILE_PREFIX_HEADER = YES;
				GCC_PREFIX_HEADER = peony_Prefix.pch;
				HEADER_SEARCH_PATHS = ../decomm/includes;
				INFOPLIST_FILE = Info.plist;
				INSTALL_PATH = "$(HOME)/Library/Frameworks";
				LIBRARY_SEARCH_PATHS = ../decomm/build;
				LIBRARY_STYLE = DYNAMIC;
				PRODUCT_NAME = Peony;
				WRAPPER_EXTENSION = framework;
			};
			dependencies = (
			);
			name = Peony;
			productInstallPath = "$(HOME)/Library/Frameworks";
			productName = peony;
			productReference = 8DC2EF5B0486A6940098B216 /* Peony.framework */;
			productType = "com.apple.product-type.framework";
		};
/* End PBXNativeTarget section */

/* Begin PBXProject section */
		0867D690FE84028FC02AAC07 /* Project object */ = {
			isa = PBXProject;
			buildConfigurationList = EAE822E70924A62C00239477 /* Build configuration list for PBXProject "Peony" */;
			buildSettings = {
			};
			buildStyles = (
				014CEA440018CDF011CA2923 /* Development */,
				E958EDAB06FD88E3001DCB1E /* Development Private Framework */,
				014CEA450018CDF011CA2923 /* Deployment */,
				E9D2B6570701F113008879E0 /* Deployment Private Framework */,
			);
			hasScannedForEncodings = 1;
			mainGroup = 0867D691FE84028FC02AAC07 /* peony */;
			productRefGroup = 034768DFFF38A50411DB9C8B /* Products */;
			projectDirPath = "";
			projectReferences = (
				{
					ProductGroup = EA1E6DD10924CCE100AABD4D /* Products */;
					ProjectRef = EA1E6DD00924CCE100AABD4D /* decomm.xcodeproj */;
				},
				{
					ProductGroup = EA1E6DD90924CCF300AABD4D /* Products */;
					ProjectRef = EA1E6DD80924CCF300AABD4D /* Zen.xcodeproj */;
				},
			);
			targets = (
				8DC2EF4F0486A6940098B216 /* Peony */,
			);
		};
/* End PBXProject section */

/* Begin PBXReferenceProxy section */
		EA1E6DD50924CCE100AABD4D /* libdecomm.a */ = {
			isa = PBXReferenceProxy;
			fileType = archive.ar;
			path = libdecomm.a;
			remoteRef = EA1E6DD40924CCE100AABD4D /* PBXContainerItemProxy */;
			sourceTree = BUILT_PRODUCTS_DIR;
		};
		EA1E6DDD0924CCF300AABD4D /* Zen.framework */ = {
			isa = PBXReferenceProxy;
			fileType = wrapper.framework;
			path = Zen.framework;
			remoteRef = EA1E6DDC0924CCF300AABD4D /* PBXContainerItemProxy */;
			sourceTree = BUILT_PRODUCTS_DIR;
		};
/* End PBXReferenceProxy section */

/* Begin PBXResourcesBuildPhase section */
		8DC2EF520486A6940098B216 /* Resources */ = {
			isa = PBXResourcesBuildPhase;
			buildActionMask = 2147483647;
			files = (
				8DC2EF530486A6940098B216 /* InfoPlist.strings in Resources */,
				E97C3AB8074DDA550025CD57 /* COPYING in Resources */,
				E97C3ABB074DDA690025CD57 /* GPL in Resources */,
			);
			runOnlyForDeploymentPostprocessing = 0;
		};
/* End PBXResourcesBuildPhase section */

/* Begin PBXSourcesBuildPhase section */
		8DC2EF540486A6940098B216 /* Sources */ = {
			isa = PBXSourcesBuildPhase;
			buildActionMask = 2147483647;
			files = (
				E93637E106FCCC2200E354DB /* PNApplication.m in Sources */,
				E93637E306FCCC2200E354DB /* PNDesktop.m in Sources */,
				E93637E706FCCC2200E354DB /* PNStickyWindowCollection.m in Sources */,
				E93637E906FCCC2200E354DB /* PNWindow.m in Sources */,
				E93637EB06FCCC2200E354DB /* PNWindowList.m in Sources */,
				E93637ED06FCCC2200E354DB /* PNWindowPool.m in Sources */,
				E9572C44070B32810053E494 /* PNDesktopScripting.m in Sources */,
			);
			runOnlyForDeploymentPostprocessing = 0;
		};
/* End PBXSourcesBuildPhase section */

/* Begin PBXVariantGroup section */
		089C1666FE841158C02AAC07 /* InfoPlist.strings */ = {
			isa = PBXVariantGroup;
			children = (
				089C1667FE841158C02AAC07 /* English */,
			);
			name = InfoPlist.strings;
			sourceTree = "<group>";
		};
		E97C3AB6074DDA550025CD57 /* COPYING */ = {
			isa = PBXVariantGroup;
			children = (
				E97C3AB7074DDA550025CD57 /* English */,
			);
			name = COPYING;
			sourceTree = "<group>";
		};
		E97C3AB9074DDA690025CD57 /* GPL */ = {
			isa = PBXVariantGroup;
			children = (
				E97C3ABA074DDA690025CD57 /* English */,
			);
			name = GPL;
			sourceTree = "<group>";
		};
/* End PBXVariantGroup section */

/* Begin XCBuildConfiguration section */
		EAE822E20924A62C00239477 /* Development */ = {
			isa = XCBuildConfiguration;
			buildSettings = {
				COPY_PHASE_STRIP = NO;
				DYLIB_COMPATIBILITY_VERSION = 1;
				DYLIB_CURRENT_VERSION = 1;
				FRAMEWORK_SEARCH_PATHS = "";
				FRAMEWORK_VERSION = A;
				GCC_DYNAMIC_NO_PIC = NO;
				GCC_ENABLE_FIX_AND_CONTINUE = YES;
				GCC_GENERATE_DEBUGGING_SYMBOLS = YES;
				GCC_OPTIMIZATION_LEVEL = 0;
				GCC_PRECOMPILE_PREFIX_HEADER = YES;
				GCC_PREFIX_HEADER = peony_Prefix.pch;
				HEADER_SEARCH_PATHS = ../decomm/includes;
				INFOPLIST_FILE = Info.plist;
				INSTALL_PATH = "$(HOME)/Library/Frameworks";
				LIBRARY_SEARCH_PATHS = "";
				LIBRARY_STYLE = DYNAMIC;
				MACH_O_TYPE = mh_dylib;
				PRODUCT_NAME = Peony;
				WRAPPER_EXTENSION = framework;
				ZERO_LINK = YES;
			};
			name = Development;
		};
		EAE822E30924A62C00239477 /* Development Private Framework */ = {
			isa = XCBuildConfiguration;
			buildSettings = {
				COPY_PHASE_STRIP = NO;
				DYLIB_COMPATIBILITY_VERSION = 1;
				DYLIB_CURRENT_VERSION = 1;
				FRAMEWORK_SEARCH_PATHS = "";
				FRAMEWORK_VERSION = A;
				GCC_DYNAMIC_NO_PIC = NO;
				GCC_ENABLE_FIX_AND_CONTINUE = YES;
				GCC_GENERATE_DEBUGGING_SYMBOLS = YES;
				GCC_OPTIMIZATION_LEVEL = 0;
				GCC_PRECOMPILE_PREFIX_HEADER = YES;
				GCC_PREFIX_HEADER = peony_Prefix.pch;
				HEADER_SEARCH_PATHS = ../decomm/includes;
				INFOPLIST_FILE = Info.plist;
				INSTALL_PATH = "@executable_path/../Frameworks";
				LIBRARY_SEARCH_PATHS = "";
				LIBRARY_STYLE = DYNAMIC;
				MACH_O_TYPE = mh_dylib;
				PRODUCT_NAME = Peony;
				WRAPPER_EXTENSION = framework;
				ZERO_LINK = YES;
			};
			name = "Development Private Framework";
		};
		EAE822E40924A62C00239477 /* Deployment */ = {
			isa = XCBuildConfiguration;
			buildSettings = {
				COPY_PHASE_STRIP = YES;
				DYLIB_COMPATIBILITY_VERSION = 1;
				DYLIB_CURRENT_VERSION = 1;
				FRAMEWORK_SEARCH_PATHS = "";
				FRAMEWORK_VERSION = A;
				GCC_ENABLE_FIX_AND_CONTINUE = NO;
				GCC_GENERATE_DEBUGGING_SYMBOLS = NO;
				GCC_PRECOMPILE_PREFIX_HEADER = YES;
				GCC_PREFIX_HEADER = peony_Prefix.pch;
				HEADER_SEARCH_PATHS = ../decomm/includes;
				INFOPLIST_FILE = Info.plist;
				INSTALL_PATH = "$(HOME)/Library/Frameworks";
				LIBRARY_SEARCH_PATHS = "";
				LIBRARY_STYLE = DYNAMIC;
				MACH_O_TYPE = mh_dylib;
				PRODUCT_NAME = Peony;
				WRAPPER_EXTENSION = framework;
				ZERO_LINK = NO;
			};
			name = Deployment;
		};
		EAE822E50924A62C00239477 /* Deployment Private Framework */ = {
			isa = XCBuildConfiguration;
			buildSettings = {
				COPY_PHASE_STRIP = YES;
				DYLIB_COMPATIBILITY_VERSION = 1;
				DYLIB_CURRENT_VERSION = 1;
				FRAMEWORK_SEARCH_PATHS = "";
				FRAMEWORK_VERSION = A;
				GCC_ENABLE_FIX_AND_CONTINUE = NO;
				GCC_GENERATE_DEBUGGING_SYMBOLS = NO;
				GCC_PRECOMPILE_PREFIX_HEADER = YES;
				GCC_PREFIX_HEADER = peony_Prefix.pch;
				HEADER_SEARCH_PATHS = ../decomm/includes;
				INFOPLIST_FILE = Info.plist;
				INSTALL_PATH = "@executable_path/../Frameworks";
				LIBRARY_SEARCH_PATHS = "";
				LIBRARY_STYLE = DYNAMIC;
				MACH_O_TYPE = mh_dylib;
				PRODUCT_NAME = Peony;
				WRAPPER_EXTENSION = framework;
				ZERO_LINK = NO;
			};
			name = "Deployment Private Framework";
		};
		EAE822E60924A62C00239477 /* Default */ = {
			isa = XCBuildConfiguration;
			buildSettings = {
				DYLIB_COMPATIBILITY_VERSION = 1;
				DYLIB_CURRENT_VERSION = 1;
				FRAMEWORK_SEARCH_PATHS = "";
				FRAMEWORK_VERSION = A;
				GCC_GENERATE_DEBUGGING_SYMBOLS = NO;
				GCC_PRECOMPILE_PREFIX_HEADER = YES;
				GCC_PREFIX_HEADER = peony_Prefix.pch;
				HEADER_SEARCH_PATHS = ../decomm/includes;
				INFOPLIST_FILE = Info.plist;
				INSTALL_PATH = "$(HOME)/Library/Frameworks";
				LIBRARY_SEARCH_PATHS = "";
				LIBRARY_STYLE = DYNAMIC;
				MACH_O_TYPE = mh_dylib;
				PRODUCT_NAME = Peony;
				WRAPPER_EXTENSION = framework;
			};
			name = Default;
		};
		EAE822E80924A62C00239477 /* Development */ = {
			isa = XCBuildConfiguration;
			buildSettings = {
			};
			name = Development;
		};
		EAE822E90924A62C00239477 /* Development Private Framework */ = {
			isa = XCBuildConfiguration;
			buildSettings = {
			};
			name = "Development Private Framework";
		};
		EAE822EA0924A62C00239477 /* Deployment */ = {
			isa = XCBuildConfiguration;
			buildSettings = {
			};
			name = Deployment;
		};
		EAE822EB0924A62C00239477 /* Deployment Private Framework */ = {
			isa = XCBuildConfiguration;
			buildSettings = {
			};
			name = "Deployment Private Framework";
		};
		EAE822EC0924A62C00239477 /* Default */ = {
			isa = XCBuildConfiguration;
			buildSettings = {
			};
			name = Default;
		};
/* End XCBuildConfiguration section */

/* Begin XCConfigurationList section */
		EAE822E10924A62C00239477 /* Build configuration list for PBXNativeTarget "Peony" */ = {
			isa = XCConfigurationList;
			buildConfigurations = (
				EAE822E20924A62C00239477 /* Development */,
				EAE822E30924A62C00239477 /* Development Private Framework */,
				EAE822E40924A62C00239477 /* Deployment */,
				EAE822E50924A62C00239477 /* Deployment Private Framework */,
				EAE822E60924A62C00239477 /* Default */,
			);
			defaultConfigurationIsVisible = 0;
			defaultConfigurationName = Default;
		};
		EAE822E70924A62C00239477 /* Build configuration list for PBXProject "Peony" */ = {
			isa = XCConfigurationList;
			buildConfigurations = (
				EAE822E80924A62C00239477 /* Development */,
				EAE822E90924A62C00239477 /* Development Private Framework */,
				EAE822EA0924A62C00239477 /* Deployment */,
				EAE822EB0924A62C00239477 /* Deployment Private Framework */,
				EAE822EC0924A62C00239477 /* Default */,
			);
			defaultConfigurationIsVisible = 0;
			defaultConfigurationName = Default;
		};
/* End XCConfigurationList section */
	};
	rootObject = 0867D690FE84028FC02AAC07 /* Project object */;
}
